
Microsoft Visual Studio Solution File, Format Version 12.00
# Visual Studio Version 16
VisualStudioVersion = 16.0.31410.357
MinimumVisualStudioVersion = 10.0.40219.1
Project("{FAE04EC0-301F-11D3-BF4B-00C04F79EFBC}") = "keylog", "keylog.csproj", "{61637C93-AC62-417B-8F2B-275091E93D30}"
EndProject
Global
	GlobalSection(SolutionConfigurationPlatforms) = preSolution
		Debug|Any CPU = Debug|Any CPU
		Release|Any CPU = Release|Any CPU
	EndGlobalSection
	GlobalSection(ProjectConfigurationPlatforms) = postSolution
		{61637C93-AC62-417B-8F2B-275091E93D30}.Debug|Any CPU.ActiveCfg = Debug|Any CPU
		{61637C93-AC62-417B-8F2B-275091E93D30}.Debug|Any CPU.Build.0 = Debug|Any CPU
		{61637C93-AC62-417B-8F2B-275091E93D30}.Release|Any CPU.ActiveCfg = Release|Any CPU
		{61637C93-AC62-417B-8F2B-275091E93D30}.Release|Any CPU.Build.0 = Release|Any CPU
	EndGlobalSection
	GlobalSection(SolutionProperties) = preSolution
		HideSolutionNode = FALSE
	EndGlobalSection
	GlobalSection(ExtensibilityGlobals) = postSolution
		SolutionGuid = {C33BAD35-EDEB-4BEA-B0B0-595A2A50E0FC}
	EndGlobalSection
EndGlobal
